
Microsoft Visual Studio Solution File, Format Version 12.00
# Visual Studio Version 16
VisualStudioVersion = 16.0.30804.86
MinimumVisualStudioVersion = 10.0.40219.1
Project("{9A19103F-16F7-4668-BE54-9A1E7A4F7556}") = "Vouviajar.API.Autenticacao", "src\Vouviajar.API.Autenticacao\Vouviajar.API.Autenticacao.csproj", "{4CE0D1F7-D970-4DE3-B8DE-E4B5DB801F37}"
EndProject
Project("{2150E333-8FDC-42A3-9474-1A3956D46DE8}") = "src", "src", "{455E9311-3B65-48AE-886A-FC477BE4E30E}"
EndProject
Project("{2150E333-8FDC-42A3-9474-1A3956D46DE8}") = "docker", "docker", "{92878AD7-C63D-4624-9DE3-15DC97A4FC7D}"
	ProjectSection(SolutionItems) = preProject
		docker\vouviajar_docker.yml = docker\vouviajar_docker.yml
	EndProjectSection
EndProject
Project("{2150E333-8FDC-42A3-9474-1A3956D46DE8}") = "ngninx", "ngninx", "{C3249C0F-EB96-4C3A-8201-51DEB1E37029}"
	ProjectSection(SolutionItems) = preProject
		docker\nginx\Dockerfile = docker\nginx\Dockerfile
		docker\nginx\nginx.prod.conf = docker\nginx\nginx.prod.conf
	EndProjectSection
EndProject
Project("{9A19103F-16F7-4668-BE54-9A1E7A4F7556}") = "Vouviajar.API.Cliente", "src\Vouviajar.API.Cliente\Vouviajar.API.Cliente.csproj", "{B6442A08-0529-4493-975C-7A7E2F624E24}"
EndProject
Project("{9A19103F-16F7-4668-BE54-9A1E7A4F7556}") = "Vouviajar.API.Agencia", "src\Vouviajar.API.Agencia\Vouviajar.API.Agencia.csproj", "{A2EDBAA9-37B6-46E7-B095-4E976F54B056}"
	ProjectSection(ProjectDependencies) = postProject
		{22A5E12D-0623-4BAF-8782-3C981E1FE7B1} = {22A5E12D-0623-4BAF-8782-3C981E1FE7B1}
	EndProjectSection
EndProject
Project("{9A19103F-16F7-4668-BE54-9A1E7A4F7556}") = "Vouviajar.API.Core", "src\Vouviajar.API.Core\Vouviajar.API.Core.csproj", "{22A5E12D-0623-4BAF-8782-3C981E1FE7B1}"
EndProject
Project("{2150E333-8FDC-42A3-9474-1A3956D46DE8}") = "Modulos", "Modulos", "{F43A253B-F6E5-49A2-81B1-0ABFAA4F405E}"
EndProject
Project("{2150E333-8FDC-42A3-9474-1A3956D46DE8}") = "Eventos", "Eventos", "{B2485143-AD44-41FE-A89A-ADFB0F1349B7}"
EndProject
Project("{2150E333-8FDC-42A3-9474-1A3956D46DE8}") = "Usuario", "Usuario", "{C306809B-4158-4E9F-8B8B-9EC81113300C}"
EndProject
Project("{2150E333-8FDC-42A3-9474-1A3956D46DE8}") = "AgenciaViagem", "AgenciaViagem", "{10979C5E-FFD8-469D-890C-4407C7A42F32}"
EndProject
Project("{9A19103F-16F7-4668-BE54-9A1E7A4F7556}") = "VouViajar.ServiceBus.API", "VouViajar.ServiceBus.API\VouViajar.ServiceBus.API.csproj", "{2F5C8608-FDEA-4616-A1B1-CC6FB13CA776}"
EndProject
Project("{9A19103F-16F7-4668-BE54-9A1E7A4F7556}") = "VouViajar.Modulos.Usuario", "VouViajar.Modulos.Usuario\VouViajar.Modulos.Usuario.csproj", "{4D8A4816-68DE-42C0-BA82-8E463B2C7D10}"
EndProject
Project("{9A19103F-16F7-4668-BE54-9A1E7A4F7556}") = "VouViajar.Modulos.Usuario.Tests", "VouViajar.Modulos.Usuario.Tests\VouViajar.Modulos.Usuario.Tests.csproj", "{C087FCE6-CC89-429D-B770-F269D7C86EB4}"
EndProject
Project("{9A19103F-16F7-4668-BE54-9A1E7A4F7556}") = "VouViajar.Modulos.Eventos.Tests", "VouViajar.Modulos.Eventos.Tests\VouViajar.Modulos.Eventos.Tests.csproj", "{F696B06C-716B-4733-B72C-0391A9EA4DC4}"
EndProject
Project("{9A19103F-16F7-4668-BE54-9A1E7A4F7556}") = "VouViajar.Modulos.Eventos", "VouViajar.Modulos.Eventos\VouViajar.Modulos.Eventos.csproj", "{FC4D58BF-CF46-4570-AA2E-6AB1A129C155}"
EndProject
Global
	GlobalSection(SolutionConfigurationPlatforms) = preSolution
		Debug|Any CPU = Debug|Any CPU
		Release|Any CPU = Release|Any CPU
	EndGlobalSection
	GlobalSection(ProjectConfigurationPlatforms) = postSolution
		{4CE0D1F7-D970-4DE3-B8DE-E4B5DB801F37}.Debug|Any CPU.ActiveCfg = Debug|Any CPU
		{4CE0D1F7-D970-4DE3-B8DE-E4B5DB801F37}.Debug|Any CPU.Build.0 = Debug|Any CPU
		{4CE0D1F7-D970-4DE3-B8DE-E4B5DB801F37}.Release|Any CPU.ActiveCfg = Release|Any CPU
		{4CE0D1F7-D970-4DE3-B8DE-E4B5DB801F37}.Release|Any CPU.Build.0 = Release|Any CPU
		{B6442A08-0529-4493-975C-7A7E2F624E24}.Debug|Any CPU.ActiveCfg = Debug|Any CPU
		{B6442A08-0529-4493-975C-7A7E2F624E24}.Debug|Any CPU.Build.0 = Debug|Any CPU
		{B6442A08-0529-4493-975C-7A7E2F624E24}.Release|Any CPU.ActiveCfg = Release|Any CPU
		{B6442A08-0529-4493-975C-7A7E2F624E24}.Release|Any CPU.Build.0 = Release|Any CPU
		{A2EDBAA9-37B6-46E7-B095-4E976F54B056}.Debug|Any CPU.ActiveCfg = Debug|Any CPU
		{A2EDBAA9-37B6-46E7-B095-4E976F54B056}.Debug|Any CPU.Build.0 = Debug|Any CPU
		{A2EDBAA9-37B6-46E7-B095-4E976F54B056}.Release|Any CPU.ActiveCfg = Release|Any CPU
		{A2EDBAA9-37B6-46E7-B095-4E976F54B056}.Release|Any CPU.Build.0 = Release|Any CPU
		{22A5E12D-0623-4BAF-8782-3C981E1FE7B1}.Debug|Any CPU.ActiveCfg = Debug|Any CPU
		{22A5E12D-0623-4BAF-8782-3C981E1FE7B1}.Debug|Any CPU.Build.0 = Debug|Any CPU
		{22A5E12D-0623-4BAF-8782-3C981E1FE7B1}.Release|Any CPU.ActiveCfg = Release|Any CPU
		{22A5E12D-0623-4BAF-8782-3C981E1FE7B1}.Release|Any CPU.Build.0 = Release|Any CPU
		{2F5C8608-FDEA-4616-A1B1-CC6FB13CA776}.Debug|Any CPU.ActiveCfg = Debug|Any CPU
		{2F5C8608-FDEA-4616-A1B1-CC6FB13CA776}.Debug|Any CPU.Build.0 = Debug|Any CPU
		{2F5C8608-FDEA-4616-A1B1-CC6FB13CA776}.Release|Any CPU.ActiveCfg = Release|Any CPU
		{2F5C8608-FDEA-4616-A1B1-CC6FB13CA776}.Release|Any CPU.Build.0 = Release|Any CPU
		{4D8A4816-68DE-42C0-BA82-8E463B2C7D10}.Debug|Any CPU.ActiveCfg = Debug|Any CPU
		{4D8A4816-68DE-42C0-BA82-8E463B2C7D10}.Debug|Any CPU.Build.0 = Debug|Any CPU
		{4D8A4816-68DE-42C0-BA82-8E463B2C7D10}.Release|Any CPU.ActiveCfg = Release|Any CPU
		{4D8A4816-68DE-42C0-BA82-8E463B2C7D10}.Release|Any CPU.Build.0 = Release|Any CPU
		{C087FCE6-CC89-429D-B770-F269D7C86EB4}.Debug|Any CPU.ActiveCfg = Debug|Any CPU
		{C087FCE6-CC89-429D-B770-F269D7C86EB4}.Debug|Any CPU.Build.0 = Debug|Any CPU
		{C087FCE6-CC89-429D-B770-F269D7C86EB4}.Release|Any CPU.ActiveCfg = Release|Any CPU
		{C087FCE6-CC89-429D-B770-F269D7C86EB4}.Release|Any CPU.Build.0 = Release|Any CPU
		{F696B06C-716B-4733-B72C-0391A9EA4DC4}.Debug|Any CPU.ActiveCfg = Debug|Any CPU
		{F696B06C-716B-4733-B72C-0391A9EA4DC4}.Debug|Any CPU.Build.0 = Debug|Any CPU
		{F696B06C-716B-4733-B72C-0391A9EA4DC4}.Release|Any CPU.ActiveCfg = Release|Any CPU
		{F696B06C-716B-4733-B72C-0391A9EA4DC4}.Release|Any CPU.Build.0 = Release|Any CPU
		{FC4D58BF-CF46-4570-AA2E-6AB1A129C155}.Debug|Any CPU.ActiveCfg = Debug|Any CPU
		{FC4D58BF-CF46-4570-AA2E-6AB1A129C155}.Debug|Any CPU.Build.0 = Debug|Any CPU
		{FC4D58BF-CF46-4570-AA2E-6AB1A129C155}.Release|Any CPU.ActiveCfg = Release|Any CPU
		{FC4D58BF-CF46-4570-AA2E-6AB1A129C155}.Release|Any CPU.Build.0 = Release|Any CPU
	EndGlobalSection
	GlobalSection(SolutionProperties) = preSolution
		HideSolutionNode = FALSE
	EndGlobalSection
	GlobalSection(NestedProjects) = preSolution
		{4CE0D1F7-D970-4DE3-B8DE-E4B5DB801F37} = {455E9311-3B65-48AE-886A-FC477BE4E30E}
		{C3249C0F-EB96-4C3A-8201-51DEB1E37029} = {92878AD7-C63D-4624-9DE3-15DC97A4FC7D}
		{B6442A08-0529-4493-975C-7A7E2F624E24} = {455E9311-3B65-48AE-886A-FC477BE4E30E}
		{A2EDBAA9-37B6-46E7-B095-4E976F54B056} = {455E9311-3B65-48AE-886A-FC477BE4E30E}
		{22A5E12D-0623-4BAF-8782-3C981E1FE7B1} = {455E9311-3B65-48AE-886A-FC477BE4E30E}
		{B2485143-AD44-41FE-A89A-ADFB0F1349B7} = {F43A253B-F6E5-49A2-81B1-0ABFAA4F405E}
		{C306809B-4158-4E9F-8B8B-9EC81113300C} = {F43A253B-F6E5-49A2-81B1-0ABFAA4F405E}
		{10979C5E-FFD8-469D-890C-4407C7A42F32} = {F43A253B-F6E5-49A2-81B1-0ABFAA4F405E}
		{2F5C8608-FDEA-4616-A1B1-CC6FB13CA776} = {F43A253B-F6E5-49A2-81B1-0ABFAA4F405E}
		{4D8A4816-68DE-42C0-BA82-8E463B2C7D10} = {C306809B-4158-4E9F-8B8B-9EC81113300C}
		{C087FCE6-CC89-429D-B770-F269D7C86EB4} = {C306809B-4158-4E9F-8B8B-9EC81113300C}
		{F696B06C-716B-4733-B72C-0391A9EA4DC4} = {B2485143-AD44-41FE-A89A-ADFB0F1349B7}
		{FC4D58BF-CF46-4570-AA2E-6AB1A129C155} = {B2485143-AD44-41FE-A89A-ADFB0F1349B7}
	EndGlobalSection
	GlobalSection(ExtensibilityGlobals) = postSolution
		SolutionGuid = {CC7D3691-8DFB-4587-9B2B-CDE6713D5D4E}
	EndGlobalSection
EndGlobal
